
Microsoft Visual Studio Solution File, Format Version 12.00
Project("{FAE04EC0-301F-11D3-BF4B-00C04F79EFBC}") = "utils", "utils\utils.csproj", "{76288433-86A0-44CF-9EB1-576F4A7FC898}"
EndProject
Project("{FAE04EC0-301F-11D3-BF4B-00C04F79EFBC}") = "utils.tests", "utils.tests\utils.tests.csproj", "{36BDE5C3-F25F-426F-81E2-8441A11CDBCC}"
EndProject
Project("{FAE04EC0-301F-11D3-BF4B-00C04F79EFBC}") = "day-2020-12-01", "day-2020-12-01\day-2020-12-01.csproj", "{5DCB11B5-D4AA-4F61-B374-ABD36310BCF3}"
EndProject
Project("{FAE04EC0-301F-11D3-BF4B-00C04F79EFBC}") = "day-2020-12-01.tests", "day-2020-12-01.tests\day-2020-12-01.tests.csproj", "{467FF8BE-1351-473D-9F26-F480981DF10A}"
EndProject
Project("{FAE04EC0-301F-11D3-BF4B-00C04F79EFBC}") = "day-2020-12-01.app", "day-2020-12-01.app\day-2020-12-01.app.csproj", "{6A517152-0FA1-411F-A43D-DBF01660D1C4}"
EndProject
Project("{FAE04EC0-301F-11D3-BF4B-00C04F79EFBC}") = "solutions.tests", "solutions.tests\solutions.tests.csproj", "{89140ECE-57B9-435B-B15E-7462DEA09017}"
EndProject
Project("{FAE04EC0-301F-11D3-BF4B-00C04F79EFBC}") = "day-2020-12-02", "day-2020-12-02\day-2020-12-02.csproj", "{5E7097D8-C72B-4695-9801-071299F8AE11}"
EndProject
Project("{FAE04EC0-301F-11D3-BF4B-00C04F79EFBC}") = "day-2020-12-02.app", "day-2020-12-02.app\day-2020-12-02.app.csproj", "{B4B661C5-C917-4155-9C1F-FE1ABE67321A}"
EndProject
Project("{FAE04EC0-301F-11D3-BF4B-00C04F79EFBC}") = "day-2020-12-02.tests", "day-2020-12-02.tests\day-2020-12-02.tests.csproj", "{278869EA-E281-4691-AC6E-7141327F03AE}"
EndProject
Project("{FAE04EC0-301F-11D3-BF4B-00C04F79EFBC}") = "day-2020-12-03", "day-2020-12-03\day-2020-12-03.csproj", "{A906DC8A-3889-43C6-A0C5-3C7A106286D9}"
EndProject
Project("{FAE04EC0-301F-11D3-BF4B-00C04F79EFBC}") = "day-2020-12-03.tests", "day-2020-12-03.tests\day-2020-12-03.tests.csproj", "{F09DA0A2-0ECE-4701-BAEE-288F6E5F3177}"
EndProject
Project("{FAE04EC0-301F-11D3-BF4B-00C04F79EFBC}") = "day-2020-12-03.app", "day-2020-12-03.app\day-2020-12-03.app.csproj", "{10BD1C8A-0E29-4053-80C0-5A7710B4010A}"
EndProject
Project("{FAE04EC0-301F-11D3-BF4B-00C04F79EFBC}") = "day-2020-12-04", "day-2020-12-04\day-2020-12-04.csproj", "{BE5DCF37-9BF9-40E8-A3D0-B74C63FBF48D}"
EndProject
Project("{FAE04EC0-301F-11D3-BF4B-00C04F79EFBC}") = "day-2020-12-04.tests", "day-2020-12-04.tests\day-2020-12-04.tests.csproj", "{1F5D6978-28FD-4503-97B6-4B707716CD6B}"
EndProject
Project("{FAE04EC0-301F-11D3-BF4B-00C04F79EFBC}") = "day-2020-12-04.app", "day-2020-12-04.app\day-2020-12-04.app.csproj", "{7F8EEEE8-D9E7-4240-939B-C4335F397F0F}"
EndProject
Project("{FAE04EC0-301F-11D3-BF4B-00C04F79EFBC}") = "day-2020-12-05", "day-2020-12-05\day-2020-12-05.csproj", "{06B288CB-F87A-4FD7-ABFF-57F786150F38}"
EndProject
Project("{FAE04EC0-301F-11D3-BF4B-00C04F79EFBC}") = "day-2020-12-05.tests", "day-2020-12-05.tests\day-2020-12-05.tests.csproj", "{0A7FC061-C9FE-45EE-A9B2-A5B86E57FB6C}"
EndProject
Project("{FAE04EC0-301F-11D3-BF4B-00C04F79EFBC}") = "day-2020-12-05.app", "day-2020-12-05.app\day-2020-12-05.app.csproj", "{32F73037-72B3-4BCE-9D4E-50ED701B58AB}"
EndProject
Project("{FAE04EC0-301F-11D3-BF4B-00C04F79EFBC}") = "day-2020-12-06", "day-2020-12-06\day-2020-12-06.csproj", "{A49A0759-AAFD-433A-B400-B5FDCE8A48F7}"
EndProject
Project("{FAE04EC0-301F-11D3-BF4B-00C04F79EFBC}") = "day-2020-12-06.tests", "day-2020-12-06.tests\day-2020-12-06.tests.csproj", "{F6F26098-6D8D-458A-A61D-17A54BE82949}"
EndProject
Project("{FAE04EC0-301F-11D3-BF4B-00C04F79EFBC}") = "day-2020-12-06.app", "day-2020-12-06.app\day-2020-12-06.app.csproj", "{482E83D4-FDB7-494B-A459-2BED9E6A0C50}"
EndProject
Project("{FAE04EC0-301F-11D3-BF4B-00C04F79EFBC}") = "day-2020-12-07", "day-2020-12-07\day-2020-12-07.csproj", "{9AC86E6B-B4D6-45A0-A365-6A4A3BA0E844}"
EndProject
Project("{FAE04EC0-301F-11D3-BF4B-00C04F79EFBC}") = "day-2020-12-07.tests", "day-2020-12-07.tests\day-2020-12-07.tests.csproj", "{11108FF3-F6BF-4402-AB94-04D7A39403EA}"
EndProject
Project("{FAE04EC0-301F-11D3-BF4B-00C04F79EFBC}") = "day-2020-12-07.app", "day-2020-12-07.app\day-2020-12-07.app.csproj", "{618BC8ED-47C1-4F14-B38E-64960D68D13B}"
EndProject
Project("{FAE04EC0-301F-11D3-BF4B-00C04F79EFBC}") = "day-2020-12-08", "day-2020-12-08\day-2020-12-08.csproj", "{0FE1D6A9-D0BB-4874-B5A4-ABE6F9B877D7}"
EndProject
Project("{FAE04EC0-301F-11D3-BF4B-00C04F79EFBC}") = "day-2020-12-08.app", "day-2020-12-08.app\day-2020-12-08.app.csproj", "{89F3CE0C-F215-43DA-9401-0500BA694E16}"
EndProject
Project("{FAE04EC0-301F-11D3-BF4B-00C04F79EFBC}") = "day-2020-12-08.tests", "day-2020-12-08.tests\day-2020-12-08.tests.csproj", "{E99FE032-ABA1-4473-A130-820A53267376}"
EndProject
Project("{FAE04EC0-301F-11D3-BF4B-00C04F79EFBC}") = "day-2020-12-09", "day-2020-12-09\day-2020-12-09.csproj", "{567C9EF6-E668-4679-8CA1-8141E3F5B4AF}"
EndProject
Project("{FAE04EC0-301F-11D3-BF4B-00C04F79EFBC}") = "day-2020-12-09.app", "day-2020-12-09.app\day-2020-12-09.app.csproj", "{C2D6A1A0-DC1B-4E18-BE2D-7A5791487337}"
EndProject
Project("{FAE04EC0-301F-11D3-BF4B-00C04F79EFBC}") = "day-2020-12-09.tests", "day-2020-12-09.tests\day-2020-12-09.tests.csproj", "{85354CA2-24B1-4F17-B7A3-C851FC134663}"
EndProject
Project("{FAE04EC0-301F-11D3-BF4B-00C04F79EFBC}") = "day-2020-12-10", "day-2020-12-10\day-2020-12-10.csproj", "{7EA29326-3DD6-400E-93C6-711F77885D7B}"
EndProject
Project("{FAE04EC0-301F-11D3-BF4B-00C04F79EFBC}") = "day-2020-12-10.tests", "day-2020-12-10.tests\day-2020-12-10.tests.csproj", "{82BBFB3A-6CE2-468E-B6E3-566BCCCCBAEA}"
EndProject
Project("{FAE04EC0-301F-11D3-BF4B-00C04F79EFBC}") = "day-2020-12-10.app", "day-2020-12-10.app\day-2020-12-10.app.csproj", "{CCEC03E5-DDBD-4CE0-896F-63AB8866CFD7}"
EndProject
Project("{FAE04EC0-301F-11D3-BF4B-00C04F79EFBC}") = "day-2020-12-11", "day-2020-12-11\day-2020-12-11.csproj", "{33CF955D-D33D-4510-8D52-A889F15C0E7B}"
EndProject
Project("{FAE04EC0-301F-11D3-BF4B-00C04F79EFBC}") = "day-2020-12-11.tests", "day-2020-12-11.tests\day-2020-12-11.tests.csproj", "{6E1C57F1-43B2-4AEA-95F4-7DDB96C58AC1}"
EndProject
Project("{FAE04EC0-301F-11D3-BF4B-00C04F79EFBC}") = "day-2020-12-11.app", "day-2020-12-11.app\day-2020-12-11.app.csproj", "{AC0B4F25-7476-4B6C-8368-E72D62807C99}"
EndProject
Project("{FAE04EC0-301F-11D3-BF4B-00C04F79EFBC}") = "day-2020-12-12", "day-2020-12-12\day-2020-12-12.csproj", "{F5CE081E-B568-43F3-A59B-7AE42D1E517B}"
EndProject
Project("{FAE04EC0-301F-11D3-BF4B-00C04F79EFBC}") = "day-2020-12-12.tests", "day-2020-12-12.tests\day-2020-12-12.tests.csproj", "{AE728972-4C3F-48D3-B2B7-043CE539C6DB}"
EndProject
Project("{FAE04EC0-301F-11D3-BF4B-00C04F79EFBC}") = "day-2020-12-12.app", "day-2020-12-12.app\day-2020-12-12.app.csproj", "{ECDAE9C3-3C24-4BFC-BD13-CBDB9CEDE382}"
EndProject
Project("{FAE04EC0-301F-11D3-BF4B-00C04F79EFBC}") = "day-2020-12-13", "day-2020-12-13\day-2020-12-13.csproj", "{365DDE73-706A-4E2A-8BD2-43AAE3F2542A}"
EndProject
Project("{FAE04EC0-301F-11D3-BF4B-00C04F79EFBC}") = "day-2020-12-13.app", "day-2020-12-13.app\day-2020-12-13.app.csproj", "{D474FECB-E3A8-41BE-A7B7-0D5982648226}"
EndProject
Project("{FAE04EC0-301F-11D3-BF4B-00C04F79EFBC}") = "day-2020-12-13.tests", "day-2020-12-13.tests\day-2020-12-13.tests.csproj", "{26340A29-6E78-4A8F-813E-790FC35F8FF4}"
EndProject
Project("{FAE04EC0-301F-11D3-BF4B-00C04F79EFBC}") = "day-2020-12-14", "day-2020-12-14\day-2020-12-14.csproj", "{862F293E-D46A-4CEE-A5A2-FCDABABE1941}"
EndProject
Project("{FAE04EC0-301F-11D3-BF4B-00C04F79EFBC}") = "day-2020-12-14.tests", "day-2020-12-14.tests\day-2020-12-14.tests.csproj", "{F356088C-A62A-4A81-8343-A14F0B83FEC6}"
EndProject
Project("{FAE04EC0-301F-11D3-BF4B-00C04F79EFBC}") = "day-2020-12-14.app", "day-2020-12-14.app\day-2020-12-14.app.csproj", "{384E5049-7BCB-44EE-BAC8-62032BB8F789}"
EndProject
Project("{FAE04EC0-301F-11D3-BF4B-00C04F79EFBC}") = "day-2020-12-15", "day-2020-12-15\day-2020-12-15.csproj", "{41A378E1-12D7-4BBD-AD04-5872ADEBEDAA}"
EndProject
Project("{FAE04EC0-301F-11D3-BF4B-00C04F79EFBC}") = "day-2020-12-15.tests", "day-2020-12-15.tests\day-2020-12-15.tests.csproj", "{193789ED-2F1B-44BD-B2B8-26F50044435F}"
EndProject
Project("{FAE04EC0-301F-11D3-BF4B-00C04F79EFBC}") = "day-2020-12-15.app", "day-2020-12-15.app\day-2020-12-15.app.csproj", "{26D5A2CA-0D50-4DA4-BA8F-B2BBF82FADC7}"
EndProject
Project("{FAE04EC0-301F-11D3-BF4B-00C04F79EFBC}") = "day-2020-12-16", "day-2020-12-16\day-2020-12-16.csproj", "{D6C28B99-EB3A-4F46-9493-D5E0D206868D}"
EndProject
Project("{FAE04EC0-301F-11D3-BF4B-00C04F79EFBC}") = "day-2020-12-16.tests", "day-2020-12-16.tests\day-2020-12-16.tests.csproj", "{CAF06E5D-60C9-4C4A-8F3C-E29698C4E0A1}"
EndProject
Project("{FAE04EC0-301F-11D3-BF4B-00C04F79EFBC}") = "day-2020-12-16.app", "day-2020-12-16.app\day-2020-12-16.app.csproj", "{D341374D-8A9D-4EB2-9D91-872B32A25CC8}"
EndProject
Project("{FAE04EC0-301F-11D3-BF4B-00C04F79EFBC}") = "day-2020-12-17", "day-2020-12-17\day-2020-12-17.csproj", "{25F3E842-4225-4E05-9B21-E17E5A1CEFB7}"
EndProject
Project("{FAE04EC0-301F-11D3-BF4B-00C04F79EFBC}") = "day-2020-12-17.tests", "day-2020-12-17.tests\day-2020-12-17.tests.csproj", "{BAF9E363-7CB2-4663-877C-1AC65B635697}"
EndProject
Project("{FAE04EC0-301F-11D3-BF4B-00C04F79EFBC}") = "day-2020-12-17.app", "day-2020-12-17.app\day-2020-12-17.app.csproj", "{F6298D6E-ED44-44FF-8235-DB46E52701F0}"
EndProject
Project("{FAE04EC0-301F-11D3-BF4B-00C04F79EFBC}") = "day-2020-12-18", "day-2020-12-18\day-2020-12-18.csproj", "{D0784946-7331-4B4A-81A4-A31A9345A848}"
EndProject
Project("{FAE04EC0-301F-11D3-BF4B-00C04F79EFBC}") = "day-2020-12-18.tests", "day-2020-12-18.tests\day-2020-12-18.tests.csproj", "{8410FBB5-F9BB-43E9-BC32-05A661945AE9}"
EndProject
Project("{FAE04EC0-301F-11D3-BF4B-00C04F79EFBC}") = "day-2020-12-18.app", "day-2020-12-18.app\day-2020-12-18.app.csproj", "{8EF72EA6-0D61-4616-A6E1-5E3D10C410B0}"
EndProject
Project("{FAE04EC0-301F-11D3-BF4B-00C04F79EFBC}") = "day-2020-12-19", "day-2020-12-19\day-2020-12-19.csproj", "{08F9B06D-4CBF-4847-9944-9118BE53E312}"
EndProject
Project("{FAE04EC0-301F-11D3-BF4B-00C04F79EFBC}") = "day-2020-12-19.app", "day-2020-12-19.app\day-2020-12-19.app.csproj", "{2CDA9743-A950-4FC9-B388-8F4C8B3D944E}"
EndProject
Project("{FAE04EC0-301F-11D3-BF4B-00C04F79EFBC}") = "day-2020-12-19.tests", "day-2020-12-19.tests\day-2020-12-19.tests.csproj", "{AAAF8AA3-1428-4DA2-9BFE-F7C9D29EE619}"
EndProject
Project("{FAE04EC0-301F-11D3-BF4B-00C04F79EFBC}") = "day-2020-12-20", "day-2020-12-20\day-2020-12-20.csproj", "{487D5750-4ADC-4511-86A4-E868AC1A693D}"
EndProject
Project("{FAE04EC0-301F-11D3-BF4B-00C04F79EFBC}") = "day-2020-12-20.tests", "day-2020-12-20.tests\day-2020-12-20.tests.csproj", "{7216C104-935D-413D-A669-62E916B4D95E}"
EndProject
Project("{FAE04EC0-301F-11D3-BF4B-00C04F79EFBC}") = "day-2020-12-20.app", "day-2020-12-20.app\day-2020-12-20.app.csproj", "{80E47125-051D-4505-94BE-B9AE5331243D}"
EndProject
Global
	GlobalSection(SolutionConfigurationPlatforms) = preSolution
		Debug|Any CPU = Debug|Any CPU
		Release|Any CPU = Release|Any CPU
	EndGlobalSection
	GlobalSection(ProjectConfigurationPlatforms) = postSolution
		{76288433-86A0-44CF-9EB1-576F4A7FC898}.Debug|Any CPU.ActiveCfg = Debug|Any CPU
		{76288433-86A0-44CF-9EB1-576F4A7FC898}.Debug|Any CPU.Build.0 = Debug|Any CPU
		{76288433-86A0-44CF-9EB1-576F4A7FC898}.Release|Any CPU.ActiveCfg = Release|Any CPU
		{76288433-86A0-44CF-9EB1-576F4A7FC898}.Release|Any CPU.Build.0 = Release|Any CPU
		{36BDE5C3-F25F-426F-81E2-8441A11CDBCC}.Debug|Any CPU.ActiveCfg = Debug|Any CPU
		{36BDE5C3-F25F-426F-81E2-8441A11CDBCC}.Debug|Any CPU.Build.0 = Debug|Any CPU
		{36BDE5C3-F25F-426F-81E2-8441A11CDBCC}.Release|Any CPU.ActiveCfg = Release|Any CPU
		{36BDE5C3-F25F-426F-81E2-8441A11CDBCC}.Release|Any CPU.Build.0 = Release|Any CPU
		{5DCB11B5-D4AA-4F61-B374-ABD36310BCF3}.Debug|Any CPU.ActiveCfg = Debug|Any CPU
		{5DCB11B5-D4AA-4F61-B374-ABD36310BCF3}.Debug|Any CPU.Build.0 = Debug|Any CPU
		{5DCB11B5-D4AA-4F61-B374-ABD36310BCF3}.Release|Any CPU.ActiveCfg = Release|Any CPU
		{5DCB11B5-D4AA-4F61-B374-ABD36310BCF3}.Release|Any CPU.Build.0 = Release|Any CPU
		{467FF8BE-1351-473D-9F26-F480981DF10A}.Debug|Any CPU.ActiveCfg = Debug|Any CPU
		{467FF8BE-1351-473D-9F26-F480981DF10A}.Debug|Any CPU.Build.0 = Debug|Any CPU
		{467FF8BE-1351-473D-9F26-F480981DF10A}.Release|Any CPU.ActiveCfg = Release|Any CPU
		{467FF8BE-1351-473D-9F26-F480981DF10A}.Release|Any CPU.Build.0 = Release|Any CPU
		{6A517152-0FA1-411F-A43D-DBF01660D1C4}.Debug|Any CPU.ActiveCfg = Debug|Any CPU
		{6A517152-0FA1-411F-A43D-DBF01660D1C4}.Debug|Any CPU.Build.0 = Debug|Any CPU
		{6A517152-0FA1-411F-A43D-DBF01660D1C4}.Release|Any CPU.ActiveCfg = Release|Any CPU
		{6A517152-0FA1-411F-A43D-DBF01660D1C4}.Release|Any CPU.Build.0 = Release|Any CPU
		{89140ECE-57B9-435B-B15E-7462DEA09017}.Debug|Any CPU.ActiveCfg = Debug|Any CPU
		{89140ECE-57B9-435B-B15E-7462DEA09017}.Debug|Any CPU.Build.0 = Debug|Any CPU
		{89140ECE-57B9-435B-B15E-7462DEA09017}.Release|Any CPU.ActiveCfg = Release|Any CPU
		{89140ECE-57B9-435B-B15E-7462DEA09017}.Release|Any CPU.Build.0 = Release|Any CPU
		{5E7097D8-C72B-4695-9801-071299F8AE11}.Debug|Any CPU.ActiveCfg = Debug|Any CPU
		{5E7097D8-C72B-4695-9801-071299F8AE11}.Debug|Any CPU.Build.0 = Debug|Any CPU
		{5E7097D8-C72B-4695-9801-071299F8AE11}.Release|Any CPU.ActiveCfg = Release|Any CPU
		{5E7097D8-C72B-4695-9801-071299F8AE11}.Release|Any CPU.Build.0 = Release|Any CPU
		{B4B661C5-C917-4155-9C1F-FE1ABE67321A}.Debug|Any CPU.ActiveCfg = Debug|Any CPU
		{B4B661C5-C917-4155-9C1F-FE1ABE67321A}.Debug|Any CPU.Build.0 = Debug|Any CPU
		{B4B661C5-C917-4155-9C1F-FE1ABE67321A}.Release|Any CPU.ActiveCfg = Release|Any CPU
		{B4B661C5-C917-4155-9C1F-FE1ABE67321A}.Release|Any CPU.Build.0 = Release|Any CPU
		{278869EA-E281-4691-AC6E-7141327F03AE}.Debug|Any CPU.ActiveCfg = Debug|Any CPU
		{278869EA-E281-4691-AC6E-7141327F03AE}.Debug|Any CPU.Build.0 = Debug|Any CPU
		{278869EA-E281-4691-AC6E-7141327F03AE}.Release|Any CPU.ActiveCfg = Release|Any CPU
		{278869EA-E281-4691-AC6E-7141327F03AE}.Release|Any CPU.Build.0 = Release|Any CPU
		{A906DC8A-3889-43C6-A0C5-3C7A106286D9}.Debug|Any CPU.ActiveCfg = Debug|Any CPU
		{A906DC8A-3889-43C6-A0C5-3C7A106286D9}.Debug|Any CPU.Build.0 = Debug|Any CPU
		{A906DC8A-3889-43C6-A0C5-3C7A106286D9}.Release|Any CPU.ActiveCfg = Release|Any CPU
		{A906DC8A-3889-43C6-A0C5-3C7A106286D9}.Release|Any CPU.Build.0 = Release|Any CPU
		{F09DA0A2-0ECE-4701-BAEE-288F6E5F3177}.Debug|Any CPU.ActiveCfg = Debug|Any CPU
		{F09DA0A2-0ECE-4701-BAEE-288F6E5F3177}.Debug|Any CPU.Build.0 = Debug|Any CPU
		{F09DA0A2-0ECE-4701-BAEE-288F6E5F3177}.Release|Any CPU.ActiveCfg = Release|Any CPU
		{F09DA0A2-0ECE-4701-BAEE-288F6E5F3177}.Release|Any CPU.Build.0 = Release|Any CPU
		{10BD1C8A-0E29-4053-80C0-5A7710B4010A}.Debug|Any CPU.ActiveCfg = Debug|Any CPU
		{10BD1C8A-0E29-4053-80C0-5A7710B4010A}.Debug|Any CPU.Build.0 = Debug|Any CPU
		{10BD1C8A-0E29-4053-80C0-5A7710B4010A}.Release|Any CPU.ActiveCfg = Release|Any CPU
		{10BD1C8A-0E29-4053-80C0-5A7710B4010A}.Release|Any CPU.Build.0 = Release|Any CPU
		{BE5DCF37-9BF9-40E8-A3D0-B74C63FBF48D}.Debug|Any CPU.ActiveCfg = Debug|Any CPU
		{BE5DCF37-9BF9-40E8-A3D0-B74C63FBF48D}.Debug|Any CPU.Build.0 = Debug|Any CPU
		{BE5DCF37-9BF9-40E8-A3D0-B74C63FBF48D}.Release|Any CPU.ActiveCfg = Release|Any CPU
		{BE5DCF37-9BF9-40E8-A3D0-B74C63FBF48D}.Release|Any CPU.Build.0 = Release|Any CPU
		{1F5D6978-28FD-4503-97B6-4B707716CD6B}.Debug|Any CPU.ActiveCfg = Debug|Any CPU
		{1F5D6978-28FD-4503-97B6-4B707716CD6B}.Debug|Any CPU.Build.0 = Debug|Any CPU
		{1F5D6978-28FD-4503-97B6-4B707716CD6B}.Release|Any CPU.ActiveCfg = Release|Any CPU
		{1F5D6978-28FD-4503-97B6-4B707716CD6B}.Release|Any CPU.Build.0 = Release|Any CPU
		{7F8EEEE8-D9E7-4240-939B-C4335F397F0F}.Debug|Any CPU.ActiveCfg = Debug|Any CPU
		{7F8EEEE8-D9E7-4240-939B-C4335F397F0F}.Debug|Any CPU.Build.0 = Debug|Any CPU
		{7F8EEEE8-D9E7-4240-939B-C4335F397F0F}.Release|Any CPU.ActiveCfg = Release|Any CPU
		{7F8EEEE8-D9E7-4240-939B-C4335F397F0F}.Release|Any CPU.Build.0 = Release|Any CPU
		{06B288CB-F87A-4FD7-ABFF-57F786150F38}.Debug|Any CPU.ActiveCfg = Debug|Any CPU
		{06B288CB-F87A-4FD7-ABFF-57F786150F38}.Debug|Any CPU.Build.0 = Debug|Any CPU
		{06B288CB-F87A-4FD7-ABFF-57F786150F38}.Release|Any CPU.ActiveCfg = Release|Any CPU
		{06B288CB-F87A-4FD7-ABFF-57F786150F38}.Release|Any CPU.Build.0 = Release|Any CPU
		{0A7FC061-C9FE-45EE-A9B2-A5B86E57FB6C}.Debug|Any CPU.ActiveCfg = Debug|Any CPU
		{0A7FC061-C9FE-45EE-A9B2-A5B86E57FB6C}.Debug|Any CPU.Build.0 = Debug|Any CPU
		{0A7FC061-C9FE-45EE-A9B2-A5B86E57FB6C}.Release|Any CPU.ActiveCfg = Release|Any CPU
		{0A7FC061-C9FE-45EE-A9B2-A5B86E57FB6C}.Release|Any CPU.Build.0 = Release|Any CPU
		{32F73037-72B3-4BCE-9D4E-50ED701B58AB}.Debug|Any CPU.ActiveCfg = Debug|Any CPU
		{32F73037-72B3-4BCE-9D4E-50ED701B58AB}.Debug|Any CPU.Build.0 = Debug|Any CPU
		{32F73037-72B3-4BCE-9D4E-50ED701B58AB}.Release|Any CPU.ActiveCfg = Release|Any CPU
		{32F73037-72B3-4BCE-9D4E-50ED701B58AB}.Release|Any CPU.Build.0 = Release|Any CPU
		{A49A0759-AAFD-433A-B400-B5FDCE8A48F7}.Debug|Any CPU.ActiveCfg = Debug|Any CPU
		{A49A0759-AAFD-433A-B400-B5FDCE8A48F7}.Debug|Any CPU.Build.0 = Debug|Any CPU
		{A49A0759-AAFD-433A-B400-B5FDCE8A48F7}.Release|Any CPU.ActiveCfg = Release|Any CPU
		{A49A0759-AAFD-433A-B400-B5FDCE8A48F7}.Release|Any CPU.Build.0 = Release|Any CPU
		{F6F26098-6D8D-458A-A61D-17A54BE82949}.Debug|Any CPU.ActiveCfg = Debug|Any CPU
		{F6F26098-6D8D-458A-A61D-17A54BE82949}.Debug|Any CPU.Build.0 = Debug|Any CPU
		{F6F26098-6D8D-458A-A61D-17A54BE82949}.Release|Any CPU.ActiveCfg = Release|Any CPU
		{F6F26098-6D8D-458A-A61D-17A54BE82949}.Release|Any CPU.Build.0 = Release|Any CPU
		{482E83D4-FDB7-494B-A459-2BED9E6A0C50}.Debug|Any CPU.ActiveCfg = Debug|Any CPU
		{482E83D4-FDB7-494B-A459-2BED9E6A0C50}.Debug|Any CPU.Build.0 = Debug|Any CPU
		{482E83D4-FDB7-494B-A459-2BED9E6A0C50}.Release|Any CPU.ActiveCfg = Release|Any CPU
		{482E83D4-FDB7-494B-A459-2BED9E6A0C50}.Release|Any CPU.Build.0 = Release|Any CPU
		{9AC86E6B-B4D6-45A0-A365-6A4A3BA0E844}.Debug|Any CPU.ActiveCfg = Debug|Any CPU
		{9AC86E6B-B4D6-45A0-A365-6A4A3BA0E844}.Debug|Any CPU.Build.0 = Debug|Any CPU
		{9AC86E6B-B4D6-45A0-A365-6A4A3BA0E844}.Release|Any CPU.ActiveCfg = Release|Any CPU
		{9AC86E6B-B4D6-45A0-A365-6A4A3BA0E844}.Release|Any CPU.Build.0 = Release|Any CPU
		{11108FF3-F6BF-4402-AB94-04D7A39403EA}.Debug|Any CPU.ActiveCfg = Debug|Any CPU
		{11108FF3-F6BF-4402-AB94-04D7A39403EA}.Debug|Any CPU.Build.0 = Debug|Any CPU
		{11108FF3-F6BF-4402-AB94-04D7A39403EA}.Release|Any CPU.ActiveCfg = Release|Any CPU
		{11108FF3-F6BF-4402-AB94-04D7A39403EA}.Release|Any CPU.Build.0 = Release|Any CPU
		{618BC8ED-47C1-4F14-B38E-64960D68D13B}.Debug|Any CPU.ActiveCfg = Debug|Any CPU
		{618BC8ED-47C1-4F14-B38E-64960D68D13B}.Debug|Any CPU.Build.0 = Debug|Any CPU
		{618BC8ED-47C1-4F14-B38E-64960D68D13B}.Release|Any CPU.ActiveCfg = Release|Any CPU
		{618BC8ED-47C1-4F14-B38E-64960D68D13B}.Release|Any CPU.Build.0 = Release|Any CPU
		{0FE1D6A9-D0BB-4874-B5A4-ABE6F9B877D7}.Debug|Any CPU.ActiveCfg = Debug|Any CPU
		{0FE1D6A9-D0BB-4874-B5A4-ABE6F9B877D7}.Debug|Any CPU.Build.0 = Debug|Any CPU
		{0FE1D6A9-D0BB-4874-B5A4-ABE6F9B877D7}.Release|Any CPU.ActiveCfg = Release|Any CPU
		{0FE1D6A9-D0BB-4874-B5A4-ABE6F9B877D7}.Release|Any CPU.Build.0 = Release|Any CPU
		{89F3CE0C-F215-43DA-9401-0500BA694E16}.Debug|Any CPU.ActiveCfg = Debug|Any CPU
		{89F3CE0C-F215-43DA-9401-0500BA694E16}.Debug|Any CPU.Build.0 = Debug|Any CPU
		{89F3CE0C-F215-43DA-9401-0500BA694E16}.Release|Any CPU.ActiveCfg = Release|Any CPU
		{89F3CE0C-F215-43DA-9401-0500BA694E16}.Release|Any CPU.Build.0 = Release|Any CPU
		{E99FE032-ABA1-4473-A130-820A53267376}.Debug|Any CPU.ActiveCfg = Debug|Any CPU
		{E99FE032-ABA1-4473-A130-820A53267376}.Debug|Any CPU.Build.0 = Debug|Any CPU
		{E99FE032-ABA1-4473-A130-820A53267376}.Release|Any CPU.ActiveCfg = Release|Any CPU
		{E99FE032-ABA1-4473-A130-820A53267376}.Release|Any CPU.Build.0 = Release|Any CPU
		{567C9EF6-E668-4679-8CA1-8141E3F5B4AF}.Debug|Any CPU.ActiveCfg = Debug|Any CPU
		{567C9EF6-E668-4679-8CA1-8141E3F5B4AF}.Debug|Any CPU.Build.0 = Debug|Any CPU
		{567C9EF6-E668-4679-8CA1-8141E3F5B4AF}.Release|Any CPU.ActiveCfg = Release|Any CPU
		{567C9EF6-E668-4679-8CA1-8141E3F5B4AF}.Release|Any CPU.Build.0 = Release|Any CPU
		{C2D6A1A0-DC1B-4E18-BE2D-7A5791487337}.Debug|Any CPU.ActiveCfg = Debug|Any CPU
		{C2D6A1A0-DC1B-4E18-BE2D-7A5791487337}.Debug|Any CPU.Build.0 = Debug|Any CPU
		{C2D6A1A0-DC1B-4E18-BE2D-7A5791487337}.Release|Any CPU.ActiveCfg = Release|Any CPU
		{C2D6A1A0-DC1B-4E18-BE2D-7A5791487337}.Release|Any CPU.Build.0 = Release|Any CPU
		{85354CA2-24B1-4F17-B7A3-C851FC134663}.Debug|Any CPU.ActiveCfg = Debug|Any CPU
		{85354CA2-24B1-4F17-B7A3-C851FC134663}.Debug|Any CPU.Build.0 = Debug|Any CPU
		{85354CA2-24B1-4F17-B7A3-C851FC134663}.Release|Any CPU.ActiveCfg = Release|Any CPU
		{85354CA2-24B1-4F17-B7A3-C851FC134663}.Release|Any CPU.Build.0 = Release|Any CPU
		{7EA29326-3DD6-400E-93C6-711F77885D7B}.Debug|Any CPU.ActiveCfg = Debug|Any CPU
		{7EA29326-3DD6-400E-93C6-711F77885D7B}.Debug|Any CPU.Build.0 = Debug|Any CPU
		{7EA29326-3DD6-400E-93C6-711F77885D7B}.Release|Any CPU.ActiveCfg = Release|Any CPU
		{7EA29326-3DD6-400E-93C6-711F77885D7B}.Release|Any CPU.Build.0 = Release|Any CPU
		{82BBFB3A-6CE2-468E-B6E3-566BCCCCBAEA}.Debug|Any CPU.ActiveCfg = Debug|Any CPU
		{82BBFB3A-6CE2-468E-B6E3-566BCCCCBAEA}.Debug|Any CPU.Build.0 = Debug|Any CPU
		{82BBFB3A-6CE2-468E-B6E3-566BCCCCBAEA}.Release|Any CPU.ActiveCfg = Release|Any CPU
		{82BBFB3A-6CE2-468E-B6E3-566BCCCCBAEA}.Release|Any CPU.Build.0 = Release|Any CPU
		{CCEC03E5-DDBD-4CE0-896F-63AB8866CFD7}.Debug|Any CPU.ActiveCfg = Debug|Any CPU
		{CCEC03E5-DDBD-4CE0-896F-63AB8866CFD7}.Debug|Any CPU.Build.0 = Debug|Any CPU
		{CCEC03E5-DDBD-4CE0-896F-63AB8866CFD7}.Release|Any CPU.ActiveCfg = Release|Any CPU
		{CCEC03E5-DDBD-4CE0-896F-63AB8866CFD7}.Release|Any CPU.Build.0 = Release|Any CPU
		{33CF955D-D33D-4510-8D52-A889F15C0E7B}.Debug|Any CPU.ActiveCfg = Debug|Any CPU
		{33CF955D-D33D-4510-8D52-A889F15C0E7B}.Debug|Any CPU.Build.0 = Debug|Any CPU
		{33CF955D-D33D-4510-8D52-A889F15C0E7B}.Release|Any CPU.ActiveCfg = Release|Any CPU
		{33CF955D-D33D-4510-8D52-A889F15C0E7B}.Release|Any CPU.Build.0 = Release|Any CPU
		{6E1C57F1-43B2-4AEA-95F4-7DDB96C58AC1}.Debug|Any CPU.ActiveCfg = Debug|Any CPU
		{6E1C57F1-43B2-4AEA-95F4-7DDB96C58AC1}.Debug|Any CPU.Build.0 = Debug|Any CPU
		{6E1C57F1-43B2-4AEA-95F4-7DDB96C58AC1}.Release|Any CPU.ActiveCfg = Release|Any CPU
		{6E1C57F1-43B2-4AEA-95F4-7DDB96C58AC1}.Release|Any CPU.Build.0 = Release|Any CPU
		{AC0B4F25-7476-4B6C-8368-E72D62807C99}.Debug|Any CPU.ActiveCfg = Debug|Any CPU
		{AC0B4F25-7476-4B6C-8368-E72D62807C99}.Debug|Any CPU.Build.0 = Debug|Any CPU
		{AC0B4F25-7476-4B6C-8368-E72D62807C99}.Release|Any CPU.ActiveCfg = Release|Any CPU
		{AC0B4F25-7476-4B6C-8368-E72D62807C99}.Release|Any CPU.Build.0 = Release|Any CPU
		{F5CE081E-B568-43F3-A59B-7AE42D1E517B}.Debug|Any CPU.ActiveCfg = Debug|Any CPU
		{F5CE081E-B568-43F3-A59B-7AE42D1E517B}.Debug|Any CPU.Build.0 = Debug|Any CPU
		{F5CE081E-B568-43F3-A59B-7AE42D1E517B}.Release|Any CPU.ActiveCfg = Release|Any CPU
		{F5CE081E-B568-43F3-A59B-7AE42D1E517B}.Release|Any CPU.Build.0 = Release|Any CPU
		{AE728972-4C3F-48D3-B2B7-043CE539C6DB}.Debug|Any CPU.ActiveCfg = Debug|Any CPU
		{AE728972-4C3F-48D3-B2B7-043CE539C6DB}.Debug|Any CPU.Build.0 = Debug|Any CPU
		{AE728972-4C3F-48D3-B2B7-043CE539C6DB}.Release|Any CPU.ActiveCfg = Release|Any CPU
		{AE728972-4C3F-48D3-B2B7-043CE539C6DB}.Release|Any CPU.Build.0 = Release|Any CPU
		{ECDAE9C3-3C24-4BFC-BD13-CBDB9CEDE382}.Debug|Any CPU.ActiveCfg = Debug|Any CPU
		{ECDAE9C3-3C24-4BFC-BD13-CBDB9CEDE382}.Debug|Any CPU.Build.0 = Debug|Any CPU
		{ECDAE9C3-3C24-4BFC-BD13-CBDB9CEDE382}.Release|Any CPU.ActiveCfg = Release|Any CPU
		{ECDAE9C3-3C24-4BFC-BD13-CBDB9CEDE382}.Release|Any CPU.Build.0 = Release|Any CPU
		{365DDE73-706A-4E2A-8BD2-43AAE3F2542A}.Debug|Any CPU.ActiveCfg = Debug|Any CPU
		{365DDE73-706A-4E2A-8BD2-43AAE3F2542A}.Debug|Any CPU.Build.0 = Debug|Any CPU
		{365DDE73-706A-4E2A-8BD2-43AAE3F2542A}.Release|Any CPU.ActiveCfg = Release|Any CPU
		{365DDE73-706A-4E2A-8BD2-43AAE3F2542A}.Release|Any CPU.Build.0 = Release|Any CPU
		{D474FECB-E3A8-41BE-A7B7-0D5982648226}.Debug|Any CPU.ActiveCfg = Debug|Any CPU
		{D474FECB-E3A8-41BE-A7B7-0D5982648226}.Debug|Any CPU.Build.0 = Debug|Any CPU
		{D474FECB-E3A8-41BE-A7B7-0D5982648226}.Release|Any CPU.ActiveCfg = Release|Any CPU
		{D474FECB-E3A8-41BE-A7B7-0D5982648226}.Release|Any CPU.Build.0 = Release|Any CPU
		{26340A29-6E78-4A8F-813E-790FC35F8FF4}.Debug|Any CPU.ActiveCfg = Debug|Any CPU
		{26340A29-6E78-4A8F-813E-790FC35F8FF4}.Debug|Any CPU.Build.0 = Debug|Any CPU
		{26340A29-6E78-4A8F-813E-790FC35F8FF4}.Release|Any CPU.ActiveCfg = Release|Any CPU
		{26340A29-6E78-4A8F-813E-790FC35F8FF4}.Release|Any CPU.Build.0 = Release|Any CPU
		{862F293E-D46A-4CEE-A5A2-FCDABABE1941}.Debug|Any CPU.ActiveCfg = Debug|Any CPU
		{862F293E-D46A-4CEE-A5A2-FCDABABE1941}.Debug|Any CPU.Build.0 = Debug|Any CPU
		{862F293E-D46A-4CEE-A5A2-FCDABABE1941}.Release|Any CPU.ActiveCfg = Release|Any CPU
		{862F293E-D46A-4CEE-A5A2-FCDABABE1941}.Release|Any CPU.Build.0 = Release|Any CPU
		{F356088C-A62A-4A81-8343-A14F0B83FEC6}.Debug|Any CPU.ActiveCfg = Debug|Any CPU
		{F356088C-A62A-4A81-8343-A14F0B83FEC6}.Debug|Any CPU.Build.0 = Debug|Any CPU
		{F356088C-A62A-4A81-8343-A14F0B83FEC6}.Release|Any CPU.ActiveCfg = Release|Any CPU
		{F356088C-A62A-4A81-8343-A14F0B83FEC6}.Release|Any CPU.Build.0 = Release|Any CPU
		{384E5049-7BCB-44EE-BAC8-62032BB8F789}.Debug|Any CPU.ActiveCfg = Debug|Any CPU
		{384E5049-7BCB-44EE-BAC8-62032BB8F789}.Debug|Any CPU.Build.0 = Debug|Any CPU
		{384E5049-7BCB-44EE-BAC8-62032BB8F789}.Release|Any CPU.ActiveCfg = Release|Any CPU
		{384E5049-7BCB-44EE-BAC8-62032BB8F789}.Release|Any CPU.Build.0 = Release|Any CPU
		{41A378E1-12D7-4BBD-AD04-5872ADEBEDAA}.Debug|Any CPU.ActiveCfg = Debug|Any CPU
		{41A378E1-12D7-4BBD-AD04-5872ADEBEDAA}.Debug|Any CPU.Build.0 = Debug|Any CPU
		{41A378E1-12D7-4BBD-AD04-5872ADEBEDAA}.Release|Any CPU.ActiveCfg = Release|Any CPU
		{41A378E1-12D7-4BBD-AD04-5872ADEBEDAA}.Release|Any CPU.Build.0 = Release|Any CPU
		{193789ED-2F1B-44BD-B2B8-26F50044435F}.Debug|Any CPU.ActiveCfg = Debug|Any CPU
		{193789ED-2F1B-44BD-B2B8-26F50044435F}.Debug|Any CPU.Build.0 = Debug|Any CPU
		{193789ED-2F1B-44BD-B2B8-26F50044435F}.Release|Any CPU.ActiveCfg = Release|Any CPU
		{193789ED-2F1B-44BD-B2B8-26F50044435F}.Release|Any CPU.Build.0 = Release|Any CPU
		{26D5A2CA-0D50-4DA4-BA8F-B2BBF82FADC7}.Debug|Any CPU.ActiveCfg = Debug|Any CPU
		{26D5A2CA-0D50-4DA4-BA8F-B2BBF82FADC7}.Debug|Any CPU.Build.0 = Debug|Any CPU
		{26D5A2CA-0D50-4DA4-BA8F-B2BBF82FADC7}.Release|Any CPU.ActiveCfg = Release|Any CPU
		{26D5A2CA-0D50-4DA4-BA8F-B2BBF82FADC7}.Release|Any CPU.Build.0 = Release|Any CPU
		{D6C28B99-EB3A-4F46-9493-D5E0D206868D}.Debug|Any CPU.ActiveCfg = Debug|Any CPU
		{D6C28B99-EB3A-4F46-9493-D5E0D206868D}.Debug|Any CPU.Build.0 = Debug|Any CPU
		{D6C28B99-EB3A-4F46-9493-D5E0D206868D}.Release|Any CPU.ActiveCfg = Release|Any CPU
		{D6C28B99-EB3A-4F46-9493-D5E0D206868D}.Release|Any CPU.Build.0 = Release|Any CPU
		{CAF06E5D-60C9-4C4A-8F3C-E29698C4E0A1}.Debug|Any CPU.ActiveCfg = Debug|Any CPU
		{CAF06E5D-60C9-4C4A-8F3C-E29698C4E0A1}.Debug|Any CPU.Build.0 = Debug|Any CPU
		{CAF06E5D-60C9-4C4A-8F3C-E29698C4E0A1}.Release|Any CPU.ActiveCfg = Release|Any CPU
		{CAF06E5D-60C9-4C4A-8F3C-E29698C4E0A1}.Release|Any CPU.Build.0 = Release|Any CPU
		{D341374D-8A9D-4EB2-9D91-872B32A25CC8}.Debug|Any CPU.ActiveCfg = Debug|Any CPU
		{D341374D-8A9D-4EB2-9D91-872B32A25CC8}.Debug|Any CPU.Build.0 = Debug|Any CPU
		{D341374D-8A9D-4EB2-9D91-872B32A25CC8}.Release|Any CPU.ActiveCfg = Release|Any CPU
		{D341374D-8A9D-4EB2-9D91-872B32A25CC8}.Release|Any CPU.Build.0 = Release|Any CPU
		{25F3E842-4225-4E05-9B21-E17E5A1CEFB7}.Debug|Any CPU.ActiveCfg = Debug|Any CPU
		{25F3E842-4225-4E05-9B21-E17E5A1CEFB7}.Debug|Any CPU.Build.0 = Debug|Any CPU
		{25F3E842-4225-4E05-9B21-E17E5A1CEFB7}.Release|Any CPU.ActiveCfg = Release|Any CPU
		{25F3E842-4225-4E05-9B21-E17E5A1CEFB7}.Release|Any CPU.Build.0 = Release|Any CPU
		{BAF9E363-7CB2-4663-877C-1AC65B635697}.Debug|Any CPU.ActiveCfg = Debug|Any CPU
		{BAF9E363-7CB2-4663-877C-1AC65B635697}.Debug|Any CPU.Build.0 = Debug|Any CPU
		{BAF9E363-7CB2-4663-877C-1AC65B635697}.Release|Any CPU.ActiveCfg = Release|Any CPU
		{BAF9E363-7CB2-4663-877C-1AC65B635697}.Release|Any CPU.Build.0 = Release|Any CPU
		{F6298D6E-ED44-44FF-8235-DB46E52701F0}.Debug|Any CPU.ActiveCfg = Debug|Any CPU
		{F6298D6E-ED44-44FF-8235-DB46E52701F0}.Debug|Any CPU.Build.0 = Debug|Any CPU
		{F6298D6E-ED44-44FF-8235-DB46E52701F0}.Release|Any CPU.ActiveCfg = Release|Any CPU
		{F6298D6E-ED44-44FF-8235-DB46E52701F0}.Release|Any CPU.Build.0 = Release|Any CPU
		{D0784946-7331-4B4A-81A4-A31A9345A848}.Debug|Any CPU.ActiveCfg = Debug|Any CPU
		{D0784946-7331-4B4A-81A4-A31A9345A848}.Debug|Any CPU.Build.0 = Debug|Any CPU
		{D0784946-7331-4B4A-81A4-A31A9345A848}.Release|Any CPU.ActiveCfg = Release|Any CPU
		{D0784946-7331-4B4A-81A4-A31A9345A848}.Release|Any CPU.Build.0 = Release|Any CPU
		{8410FBB5-F9BB-43E9-BC32-05A661945AE9}.Debug|Any CPU.ActiveCfg = Debug|Any CPU
		{8410FBB5-F9BB-43E9-BC32-05A661945AE9}.Debug|Any CPU.Build.0 = Debug|Any CPU
		{8410FBB5-F9BB-43E9-BC32-05A661945AE9}.Release|Any CPU.ActiveCfg = Release|Any CPU
		{8410FBB5-F9BB-43E9-BC32-05A661945AE9}.Release|Any CPU.Build.0 = Release|Any CPU
		{8EF72EA6-0D61-4616-A6E1-5E3D10C410B0}.Debug|Any CPU.ActiveCfg = Debug|Any CPU
		{8EF72EA6-0D61-4616-A6E1-5E3D10C410B0}.Debug|Any CPU.Build.0 = Debug|Any CPU
		{8EF72EA6-0D61-4616-A6E1-5E3D10C410B0}.Release|Any CPU.ActiveCfg = Release|Any CPU
		{8EF72EA6-0D61-4616-A6E1-5E3D10C410B0}.Release|Any CPU.Build.0 = Release|Any CPU
		{08F9B06D-4CBF-4847-9944-9118BE53E312}.Debug|Any CPU.ActiveCfg = Debug|Any CPU
		{08F9B06D-4CBF-4847-9944-9118BE53E312}.Debug|Any CPU.Build.0 = Debug|Any CPU
		{08F9B06D-4CBF-4847-9944-9118BE53E312}.Release|Any CPU.ActiveCfg = Release|Any CPU
		{08F9B06D-4CBF-4847-9944-9118BE53E312}.Release|Any CPU.Build.0 = Release|Any CPU
		{2CDA9743-A950-4FC9-B388-8F4C8B3D944E}.Debug|Any CPU.ActiveCfg = Debug|Any CPU
		{2CDA9743-A950-4FC9-B388-8F4C8B3D944E}.Debug|Any CPU.Build.0 = Debug|Any CPU
		{2CDA9743-A950-4FC9-B388-8F4C8B3D944E}.Release|Any CPU.ActiveCfg = Release|Any CPU
		{2CDA9743-A950-4FC9-B388-8F4C8B3D944E}.Release|Any CPU.Build.0 = Release|Any CPU
		{AAAF8AA3-1428-4DA2-9BFE-F7C9D29EE619}.Debug|Any CPU.ActiveCfg = Debug|Any CPU
		{AAAF8AA3-1428-4DA2-9BFE-F7C9D29EE619}.Debug|Any CPU.Build.0 = Debug|Any CPU
		{AAAF8AA3-1428-4DA2-9BFE-F7C9D29EE619}.Release|Any CPU.ActiveCfg = Release|Any CPU
		{AAAF8AA3-1428-4DA2-9BFE-F7C9D29EE619}.Release|Any CPU.Build.0 = Release|Any CPU
		{487D5750-4ADC-4511-86A4-E868AC1A693D}.Debug|Any CPU.ActiveCfg = Debug|Any CPU
		{487D5750-4ADC-4511-86A4-E868AC1A693D}.Debug|Any CPU.Build.0 = Debug|Any CPU
		{487D5750-4ADC-4511-86A4-E868AC1A693D}.Release|Any CPU.ActiveCfg = Release|Any CPU
		{487D5750-4ADC-4511-86A4-E868AC1A693D}.Release|Any CPU.Build.0 = Release|Any CPU
		{7216C104-935D-413D-A669-62E916B4D95E}.Debug|Any CPU.ActiveCfg = Debug|Any CPU
		{7216C104-935D-413D-A669-62E916B4D95E}.Debug|Any CPU.Build.0 = Debug|Any CPU
		{7216C104-935D-413D-A669-62E916B4D95E}.Release|Any CPU.ActiveCfg = Release|Any CPU
		{7216C104-935D-413D-A669-62E916B4D95E}.Release|Any CPU.Build.0 = Release|Any CPU
		{80E47125-051D-4505-94BE-B9AE5331243D}.Debug|Any CPU.ActiveCfg = Debug|Any CPU
		{80E47125-051D-4505-94BE-B9AE5331243D}.Debug|Any CPU.Build.0 = Debug|Any CPU
		{80E47125-051D-4505-94BE-B9AE5331243D}.Release|Any CPU.ActiveCfg = Release|Any CPU
		{80E47125-051D-4505-94BE-B9AE5331243D}.Release|Any CPU.Build.0 = Release|Any CPU
	EndGlobalSection
EndGlobal
